
Microsoft Visual Studio Solution File, Format Version 12.00
# Visual Studio Version 17
VisualStudioVersion = 17.13.35825.156
MinimumVisualStudioVersion = 10.0.40219.1
Project("{FAE04EC0-301F-11D3-BF4B-00C04F79EFBC}") = "RouteManagerWPF", "RouteManagerWPF.csproj", "{A76EDCB0-922A-CCB9-0FF3-A67DFE0A3254}"
EndProject
Global
	GlobalSection(SolutionConfigurationPlatforms) = preSolution
		Debug|Any CPU = Debug|Any CPU
		Release|Any CPU = Release|Any CPU
	EndGlobalSection
	GlobalSection(ProjectConfigurationPlatforms) = postSolution
		{A76EDCB0-922A-CCB9-0FF3-A67DFE0A3254}.Debug|Any CPU.ActiveCfg = Debug|Any CPU
		{A76EDCB0-922A-CCB9-0FF3-A67DFE0A3254}.Debug|Any CPU.Build.0 = Debug|Any CPU
		{A76EDCB0-922A-CCB9-0FF3-A67DFE0A3254}.Release|Any CPU.ActiveCfg = Release|Any CPU
		{A76EDCB0-922A-CCB9-0FF3-A67DFE0A3254}.Release|Any CPU.Build.0 = Release|Any CPU
	EndGlobalSection
	GlobalSection(SolutionProperties) = preSolution
		HideSolutionNode = FALSE
	EndGlobalSection
	GlobalSection(ExtensibilityGlobals) = postSolution
		SolutionGuid = {8E8691C7-8E62-4812-9FF8-B096577EC55F}
	EndGlobalSection
EndGlobal
